
Microsoft Visual Studio Solution File, Format Version 12.00
# Visual Studio Version 17
VisualStudioVersion = 17.2.32519.379
MinimumVisualStudioVersion = 10.0.40219.1
Project("{9A19103F-16F7-4668-BE54-9A1E7A4F7556}") = "SimpleChat.Api", "SimpleChat.Api\SimpleChat.Api.csproj", "{24689CC6-81D2-42A7-B7BB-0ED19AE37DBB}"
EndProject
Project("{FAE04EC0-301F-11D3-BF4B-00C04F79EFBC}") = "SimpleChat.Desktop", "SimpleChat.Desktop\SimpleChat.Desktop.csproj", "{DB802571-8107-4E39-BD19-335288CDCBC6}"
EndProject
Project("{FAE04EC0-301F-11D3-BF4B-00C04F79EFBC}") = "SimpleChat.Services", "SimpleChat.Services\SimpleChat.Services.csproj", "{3FBFAB96-2615-4083-BB80-CBE5C45DB817}"
EndProject
Project("{FAE04EC0-301F-11D3-BF4B-00C04F79EFBC}") = "SimpleChat.Data", "SimpleChat.Data\SimpleChat.Data.csproj", "{21792446-63E8-40DF-9939-1E5FA0D482EE}"
EndProject
Project("{FAE04EC0-301F-11D3-BF4B-00C04F79EFBC}") = "SimpleChat.Models", "SimpleChat.Models\SimpleChat.Models.csproj", "{567B7D6E-B445-4BA4-BC5A-5CCB2D081C67}"
EndProject
Project("{FAE04EC0-301F-11D3-BF4B-00C04F79EFBC}") = "SimpleChat.Di", "SimpleChat.Di\SimpleChat.Di.csproj", "{EE28EEF4-3342-4782-8886-CC09A0E713F3}"
EndProject
Project("{FAE04EC0-301F-11D3-BF4B-00C04F79EFBC}") = "SimpleChat.Desktop.Models", "SimpleChat.Desktop.Models\SimpleChat.Desktop.Models.csproj", "{93069623-086F-4C3F-ABD1-1978EFD2FDCC}"
EndProject
Global
	GlobalSection(SolutionConfigurationPlatforms) = preSolution
		Debug|Any CPU = Debug|Any CPU
		Release|Any CPU = Release|Any CPU
	EndGlobalSection
	GlobalSection(ProjectConfigurationPlatforms) = postSolution
		{24689CC6-81D2-42A7-B7BB-0ED19AE37DBB}.Debug|Any CPU.ActiveCfg = Debug|Any CPU
		{24689CC6-81D2-42A7-B7BB-0ED19AE37DBB}.Debug|Any CPU.Build.0 = Debug|Any CPU
		{24689CC6-81D2-42A7-B7BB-0ED19AE37DBB}.Release|Any CPU.ActiveCfg = Release|Any CPU
		{24689CC6-81D2-42A7-B7BB-0ED19AE37DBB}.Release|Any CPU.Build.0 = Release|Any CPU
		{DB802571-8107-4E39-BD19-335288CDCBC6}.Debug|Any CPU.ActiveCfg = Debug|Any CPU
		{DB802571-8107-4E39-BD19-335288CDCBC6}.Debug|Any CPU.Build.0 = Debug|Any CPU
		{DB802571-8107-4E39-BD19-335288CDCBC6}.Release|Any CPU.ActiveCfg = Release|Any CPU
		{DB802571-8107-4E39-BD19-335288CDCBC6}.Release|Any CPU.Build.0 = Release|Any CPU
		{3FBFAB96-2615-4083-BB80-CBE5C45DB817}.Debug|Any CPU.ActiveCfg = Debug|Any CPU
		{3FBFAB96-2615-4083-BB80-CBE5C45DB817}.Debug|Any CPU.Build.0 = Debug|Any CPU
		{3FBFAB96-2615-4083-BB80-CBE5C45DB817}.Release|Any CPU.ActiveCfg = Release|Any CPU
		{3FBFAB96-2615-4083-BB80-CBE5C45DB817}.Release|Any CPU.Build.0 = Release|Any CPU
		{21792446-63E8-40DF-9939-1E5FA0D482EE}.Debug|Any CPU.ActiveCfg = Debug|Any CPU
		{21792446-63E8-40DF-9939-1E5FA0D482EE}.Debug|Any CPU.Build.0 = Debug|Any CPU
		{21792446-63E8-40DF-9939-1E5FA0D482EE}.Release|Any CPU.ActiveCfg = Release|Any CPU
		{21792446-63E8-40DF-9939-1E5FA0D482EE}.Release|Any CPU.Build.0 = Release|Any CPU
		{567B7D6E-B445-4BA4-BC5A-5CCB2D081C67}.Debug|Any CPU.ActiveCfg = Debug|Any CPU
		{567B7D6E-B445-4BA4-BC5A-5CCB2D081C67}.Debug|Any CPU.Build.0 = Debug|Any CPU
		{567B7D6E-B445-4BA4-BC5A-5CCB2D081C67}.Release|Any CPU.ActiveCfg = Release|Any CPU
		{567B7D6E-B445-4BA4-BC5A-5CCB2D081C67}.Release|Any CPU.Build.0 = Release|Any CPU
		{EE28EEF4-3342-4782-8886-CC09A0E713F3}.Debug|Any CPU.ActiveCfg = Debug|Any CPU
		{EE28EEF4-3342-4782-8886-CC09A0E713F3}.Debug|Any CPU.Build.0 = Debug|Any CPU
		{EE28EEF4-3342-4782-8886-CC09A0E713F3}.Release|Any CPU.ActiveCfg = Release|Any CPU
		{EE28EEF4-3342-4782-8886-CC09A0E713F3}.Release|Any CPU.Build.0 = Release|Any CPU
		{93069623-086F-4C3F-ABD1-1978EFD2FDCC}.Debug|Any CPU.ActiveCfg = Debug|Any CPU
		{93069623-086F-4C3F-ABD1-1978EFD2FDCC}.Debug|Any CPU.Build.0 = Debug|Any CPU
		{93069623-086F-4C3F-ABD1-1978EFD2FDCC}.Release|Any CPU.ActiveCfg = Release|Any CPU
		{93069623-086F-4C3F-ABD1-1978EFD2FDCC}.Release|Any CPU.Build.0 = Release|Any CPU
	EndGlobalSection
	GlobalSection(SolutionProperties) = preSolution
		HideSolutionNode = FALSE
	EndGlobalSection
	GlobalSection(ExtensibilityGlobals) = postSolution
		SolutionGuid = {7B0A15A3-D4BD-4792-87AD-AD5366019DCE}
	EndGlobalSection
EndGlobal
